
Microsoft Visual Studio Solution File, Format Version 12.00
# Visual Studio Version 17
VisualStudioVersion = 17.14.36414.22 d17.14
MinimumVisualStudioVersion = 10.0.40219.1
Project("{FAE04EC0-301F-11D3-BF4B-00C04F79EFBC}") = "WebImageGallery", "WebImageGallery\WebImageGallery.csproj", "{00963B28-5E7D-43C5-8324-3018560EE841}"
EndProject
Global
	GlobalSection(SolutionConfigurationPlatforms) = preSolution
		Debug|Any CPU = Debug|Any CPU
		Release|Any CPU = Release|Any CPU
	EndGlobalSection
	GlobalSection(ProjectConfigurationPlatforms) = postSolution
		{00963B28-5E7D-43C5-8324-3018560EE841}.Debug|Any CPU.ActiveCfg = Debug|Any CPU
		{00963B28-5E7D-43C5-8324-3018560EE841}.Debug|Any CPU.Build.0 = Debug|Any CPU
		{00963B28-5E7D-43C5-8324-3018560EE841}.Release|Any CPU.ActiveCfg = Release|Any CPU
		{00963B28-5E7D-43C5-8324-3018560EE841}.Release|Any CPU.Build.0 = Release|Any CPU
	EndGlobalSection
	GlobalSection(SolutionProperties) = preSolution
		HideSolutionNode = FALSE
	EndGlobalSection
	GlobalSection(ExtensibilityGlobals) = postSolution
		SolutionGuid = {0E2FA094-FBF8-45DA-B092-5DD164D4921C}
	EndGlobalSection
EndGlobal
